
Microsoft Visual Studio Solution File, Format Version 12.00
# Visual Studio Version 16
VisualStudioVersion = 16.0.29318.209
MinimumVisualStudioVersion = 10.0.40219.1
Project("{888888A0-9F3D-457C-B088-3A5042F75D52}") = "sender", "sender\sender.pyproj", "{0058CF06-4BD1-4C20-BCBC-ADC60A3ED2C2}"
EndProject
Global
	GlobalSection(SolutionConfigurationPlatforms) = preSolution
		Debug|Any CPU = Debug|Any CPU
		Release|Any CPU = Release|Any CPU
	EndGlobalSection
	GlobalSection(ProjectConfigurationPlatforms) = postSolution
		{0058CF06-4BD1-4C20-BCBC-ADC60A3ED2C2}.Debug|Any CPU.ActiveCfg = Debug|Any CPU
		{0058CF06-4BD1-4C20-BCBC-ADC60A3ED2C2}.Release|Any CPU.ActiveCfg = Release|Any CPU
	EndGlobalSection
	GlobalSection(SolutionProperties) = preSolution
		HideSolutionNode = FALSE
	EndGlobalSection
	GlobalSection(ExtensibilityGlobals) = postSolution
		SolutionGuid = {9A76BCF1-42E0-41C2-87A5-22F6510AA7AE}
	EndGlobalSection
EndGlobal
